
Microsoft Visual Studio Solution File, Format Version 12.00
# Visual Studio Version 17
VisualStudioVersion = 17.10.35027.167
MinimumVisualStudioVersion = 10.0.40219.1
Project("{9A19103F-16F7-4668-BE54-9A1E7A4F7556}") = "AnimeRecommender.API", "AnimeRecommender.API\AnimeRecommender.API.csproj", "{FD601C0E-331E-4DC4-9980-30F3CB8C75D2}"
EndProject
Project("{FAE04EC0-301F-11D3-BF4B-00C04F79EFBC}") = "AnimeRecommender.Application", "AnimeRecommender.Application\AnimeRecommender.Application.csproj", "{ED579B8F-4996-4C06-85B4-BBFBD7D218D4}"
EndProject
Project("{FAE04EC0-301F-11D3-BF4B-00C04F79EFBC}") = "AnimeRecommender.Domain", "AnimeRecommender.Domain\AnimeRecommender.Domain.csproj", "{EEC95109-C200-4C40-AAE9-7D23D844BCAC}"
EndProject
Project("{FAE04EC0-301F-11D3-BF4B-00C04F79EFBC}") = "AnimeRecommender.Infrastructure", "AnimeRecommender.Infrastructure\AnimeRecommender.Infrastructure.csproj", "{E545BD77-9FF1-4DBD-80B0-9101FACA1F6C}"
EndProject
Project("{FAE04EC0-301F-11D3-BF4B-00C04F79EFBC}") = "AnimeRecommender.Tests", "AnimeRecommender.Tests\AnimeRecommender.Tests.csproj", "{B708AAF4-C856-4B21-A428-47BFD1106C29}"
EndProject
Global
	GlobalSection(SolutionConfigurationPlatforms) = preSolution
		Debug|Any CPU = Debug|Any CPU
		Release|Any CPU = Release|Any CPU
	EndGlobalSection
	GlobalSection(ProjectConfigurationPlatforms) = postSolution
		{FD601C0E-331E-4DC4-9980-30F3CB8C75D2}.Debug|Any CPU.ActiveCfg = Debug|Any CPU
		{FD601C0E-331E-4DC4-9980-30F3CB8C75D2}.Debug|Any CPU.Build.0 = Debug|Any CPU
		{FD601C0E-331E-4DC4-9980-30F3CB8C75D2}.Release|Any CPU.ActiveCfg = Release|Any CPU
		{FD601C0E-331E-4DC4-9980-30F3CB8C75D2}.Release|Any CPU.Build.0 = Release|Any CPU
		{ED579B8F-4996-4C06-85B4-BBFBD7D218D4}.Debug|Any CPU.ActiveCfg = Debug|Any CPU
		{ED579B8F-4996-4C06-85B4-BBFBD7D218D4}.Debug|Any CPU.Build.0 = Debug|Any CPU
		{ED579B8F-4996-4C06-85B4-BBFBD7D218D4}.Release|Any CPU.ActiveCfg = Release|Any CPU
		{ED579B8F-4996-4C06-85B4-BBFBD7D218D4}.Release|Any CPU.Build.0 = Release|Any CPU
		{EEC95109-C200-4C40-AAE9-7D23D844BCAC}.Debug|Any CPU.ActiveCfg = Debug|Any CPU
		{EEC95109-C200-4C40-AAE9-7D23D844BCAC}.Debug|Any CPU.Build.0 = Debug|Any CPU
		{EEC95109-C200-4C40-AAE9-7D23D844BCAC}.Release|Any CPU.ActiveCfg = Release|Any CPU
		{EEC95109-C200-4C40-AAE9-7D23D844BCAC}.Release|Any CPU.Build.0 = Release|Any CPU
		{E545BD77-9FF1-4DBD-80B0-9101FACA1F6C}.Debug|Any CPU.ActiveCfg = Debug|Any CPU
		{E545BD77-9FF1-4DBD-80B0-9101FACA1F6C}.Debug|Any CPU.Build.0 = Debug|Any CPU
		{E545BD77-9FF1-4DBD-80B0-9101FACA1F6C}.Release|Any CPU.ActiveCfg = Release|Any CPU
		{E545BD77-9FF1-4DBD-80B0-9101FACA1F6C}.Release|Any CPU.Build.0 = Release|Any CPU
		{B708AAF4-C856-4B21-A428-47BFD1106C29}.Debug|Any CPU.ActiveCfg = Debug|Any CPU
		{B708AAF4-C856-4B21-A428-47BFD1106C29}.Debug|Any CPU.Build.0 = Debug|Any CPU
		{B708AAF4-C856-4B21-A428-47BFD1106C29}.Release|Any CPU.ActiveCfg = Release|Any CPU
		{B708AAF4-C856-4B21-A428-47BFD1106C29}.Release|Any CPU.Build.0 = Release|Any CPU
	EndGlobalSection
	GlobalSection(SolutionProperties) = preSolution
		HideSolutionNode = FALSE
	EndGlobalSection
	GlobalSection(ExtensibilityGlobals) = postSolution
		SolutionGuid = {EFD5907D-285A-45A0-A6D4-01C5B687AD97}
	EndGlobalSection
EndGlobal
